
Microsoft Visual Studio Solution File, Format Version 12.00
# Visual Studio Version 17
VisualStudioVersion = 17.7.34031.279
MinimumVisualStudioVersion = 10.0.40219.1
Project("{FAE04EC0-301F-11D3-BF4B-00C04F79EFBC}") = "Inktober", "Inktober\Inktober.csproj", "{29372381-1BDE-40CD-B0B9-C17D5CA1BE81}"
EndProject
Project("{FAE04EC0-301F-11D3-BF4B-00C04F79EFBC}") = "Tools", "..\Bibliotheque\Tools\Tools.csproj", "{30099ADF-1F57-4FDD-AA15-2C5939EEA227}"
EndProject
Global
	GlobalSection(SolutionConfigurationPlatforms) = preSolution
		Debug|Any CPU = Debug|Any CPU
		Release|Any CPU = Release|Any CPU
	EndGlobalSection
	GlobalSection(ProjectConfigurationPlatforms) = postSolution
		{29372381-1BDE-40CD-B0B9-C17D5CA1BE81}.Debug|Any CPU.ActiveCfg = Debug|Any CPU
		{29372381-1BDE-40CD-B0B9-C17D5CA1BE81}.Debug|Any CPU.Build.0 = Debug|Any CPU
		{29372381-1BDE-40CD-B0B9-C17D5CA1BE81}.Release|Any CPU.ActiveCfg = Release|Any CPU
		{29372381-1BDE-40CD-B0B9-C17D5CA1BE81}.Release|Any CPU.Build.0 = Release|Any CPU
		{30099ADF-1F57-4FDD-AA15-2C5939EEA227}.Debug|Any CPU.ActiveCfg = Debug|Any CPU
		{30099ADF-1F57-4FDD-AA15-2C5939EEA227}.Debug|Any CPU.Build.0 = Debug|Any CPU
		{30099ADF-1F57-4FDD-AA15-2C5939EEA227}.Release|Any CPU.ActiveCfg = Release|Any CPU
		{30099ADF-1F57-4FDD-AA15-2C5939EEA227}.Release|Any CPU.Build.0 = Release|Any CPU
	EndGlobalSection
	GlobalSection(SolutionProperties) = preSolution
		HideSolutionNode = FALSE
	EndGlobalSection
	GlobalSection(ExtensibilityGlobals) = postSolution
		SolutionGuid = {44CEFE0F-B476-4CAD-B6E8-3429A953744B}
	EndGlobalSection
EndGlobal
